
Microsoft Visual Studio Solution File, Format Version 12.00
# Visual Studio Version 16
VisualStudioVersion = 16.0.29926.136
MinimumVisualStudioVersion = 10.0.40219.1
Project("{FAE04EC0-301F-11D3-BF4B-00C04F79EFBC}") = "Hello", "Hello\Hello.csproj", "{656F44A6-3C8E-4DFE-9BFA-9F21EC3EE579}"
EndProject
Global
	GlobalSection(SolutionConfigurationPlatforms) = preSolution
		Debug|Any CPU = Debug|Any CPU
		Release|Any CPU = Release|Any CPU
	EndGlobalSection
	GlobalSection(ProjectConfigurationPlatforms) = postSolution
		{656F44A6-3C8E-4DFE-9BFA-9F21EC3EE579}.Debug|Any CPU.ActiveCfg = Debug|Any CPU
		{656F44A6-3C8E-4DFE-9BFA-9F21EC3EE579}.Debug|Any CPU.Build.0 = Debug|Any CPU
		{656F44A6-3C8E-4DFE-9BFA-9F21EC3EE579}.Release|Any CPU.ActiveCfg = Release|Any CPU
		{656F44A6-3C8E-4DFE-9BFA-9F21EC3EE579}.Release|Any CPU.Build.0 = Release|Any CPU
	EndGlobalSection
	GlobalSection(SolutionProperties) = preSolution
		HideSolutionNode = FALSE
	EndGlobalSection
	GlobalSection(ExtensibilityGlobals) = postSolution
		SolutionGuid = {74EF140C-5CF0-4B74-A4CF-F68E5A01F40B}
	EndGlobalSection
EndGlobal
